
Microsoft Visual Studio Solution File, Format Version 12.00
# Visual Studio Version 17
VisualStudioVersion = 17.13.35919.96 d17.13
MinimumVisualStudioVersion = 10.0.40219.1
Project("{FAE04EC0-301F-11D3-BF4B-00C04F79EFBC}") = "Zitn_PoConvertASSEM_FormPlugin4", "Zitn_PoConvertASSEM_FormPlugin4\Zitn_PoConvertASSEM_FormPlugin4.csproj", "{1859E170-2129-4AE7-8B68-77A029F4F645}"
EndProject
Global
	GlobalSection(SolutionConfigurationPlatforms) = preSolution
		Debug|Any CPU = Debug|Any CPU
		Release|Any CPU = Release|Any CPU
	EndGlobalSection
	GlobalSection(ProjectConfigurationPlatforms) = postSolution
		{1859E170-2129-4AE7-8B68-77A029F4F645}.Debug|Any CPU.ActiveCfg = Debug|Any CPU
		{1859E170-2129-4AE7-8B68-77A029F4F645}.Debug|Any CPU.Build.0 = Debug|Any CPU
		{1859E170-2129-4AE7-8B68-77A029F4F645}.Release|Any CPU.ActiveCfg = Release|Any CPU
		{1859E170-2129-4AE7-8B68-77A029F4F645}.Release|Any CPU.Build.0 = Release|Any CPU
	EndGlobalSection
	GlobalSection(SolutionProperties) = preSolution
		HideSolutionNode = FALSE
	EndGlobalSection
	GlobalSection(ExtensibilityGlobals) = postSolution
		SolutionGuid = {718CDE1F-5008-4BA5-AD90-7153087AC6B2}
	EndGlobalSection
EndGlobal
