
Microsoft Visual Studio Solution File, Format Version 12.00
# Visual Studio Version 16
VisualStudioVersion = 16.0.36631.11
MinimumVisualStudioVersion = 10.0.40219.1
Project("{FAE04EC0-301F-11D3-BF4B-00C04F79EFBC}") = "Zitn_DBSQ_Sumbit_UpdateStockid_Plugin", "Zitn_DBSQ_Sumbit_UpdateStockid_Plugin\Zitn_DBSQ_Sumbit_UpdateStockid_Plugin.csproj", "{0FF69FD3-0D52-40D1-8E0D-9DAD396BDC24}"
EndProject
Global
	GlobalSection(SolutionConfigurationPlatforms) = preSolution
		Debug|Any CPU = Debug|Any CPU
		Release|Any CPU = Release|Any CPU
	EndGlobalSection
	GlobalSection(ProjectConfigurationPlatforms) = postSolution
		{0FF69FD3-0D52-40D1-8E0D-9DAD396BDC24}.Debug|Any CPU.ActiveCfg = Debug|Any CPU
		{0FF69FD3-0D52-40D1-8E0D-9DAD396BDC24}.Debug|Any CPU.Build.0 = Debug|Any CPU
		{0FF69FD3-0D52-40D1-8E0D-9DAD396BDC24}.Release|Any CPU.ActiveCfg = Release|Any CPU
		{0FF69FD3-0D52-40D1-8E0D-9DAD396BDC24}.Release|Any CPU.Build.0 = Release|Any CPU
	EndGlobalSection
	GlobalSection(SolutionProperties) = preSolution
		HideSolutionNode = FALSE
	EndGlobalSection
	GlobalSection(ExtensibilityGlobals) = postSolution
		SolutionGuid = {386446FB-2F11-45C3-BE52-E60625A2830E}
	EndGlobalSection
EndGlobal
