
Microsoft Visual Studio Solution File, Format Version 12.00
# Visual Studio Version 16
VisualStudioVersion = 16.0.36631.11
MinimumVisualStudioVersion = 10.0.40219.1
Project("{FAE04EC0-301F-11D3-BF4B-00C04F79EFBC}") = "Zitn_CloseBill_Plugin", "Zitn_CloseBill_Plugin\Zitn_CloseBill_Plugin.csproj", "{98F61D3C-A46F-4F62-A53A-7AD0EDD0BCA6}"
EndProject
Global
	GlobalSection(SolutionConfigurationPlatforms) = preSolution
		Debug|Any CPU = Debug|Any CPU
		Release|Any CPU = Release|Any CPU
	EndGlobalSection
	GlobalSection(ProjectConfigurationPlatforms) = postSolution
		{98F61D3C-A46F-4F62-A53A-7AD0EDD0BCA6}.Debug|Any CPU.ActiveCfg = Debug|Any CPU
		{98F61D3C-A46F-4F62-A53A-7AD0EDD0BCA6}.Debug|Any CPU.Build.0 = Debug|Any CPU
		{98F61D3C-A46F-4F62-A53A-7AD0EDD0BCA6}.Release|Any CPU.ActiveCfg = Release|Any CPU
		{98F61D3C-A46F-4F62-A53A-7AD0EDD0BCA6}.Release|Any CPU.Build.0 = Release|Any CPU
	EndGlobalSection
	GlobalSection(SolutionProperties) = preSolution
		HideSolutionNode = FALSE
	EndGlobalSection
	GlobalSection(ExtensibilityGlobals) = postSolution
		SolutionGuid = {AD2FC115-A7AE-48A6-808C-94D1EAC13578}
	EndGlobalSection
EndGlobal
