
Microsoft Visual Studio Solution File, Format Version 12.00
# Visual Studio Version 17
VisualStudioVersion = 17.13.35919.96 d17.13
MinimumVisualStudioVersion = 10.0.40219.1
Project("{FAE04EC0-301F-11D3-BF4B-00C04F79EFBC}") = "Zitn_MORPT_AuditOperationChenck_Plugin", "Zitn_MORPT_AuditOperationChenck_Plugin\Zitn_MORPT_AuditOperationChenck_Plugin.csproj", "{704BAB67-C513-4E8D-9E6A-C7DDA8B8242D}"
EndProject
Global
	GlobalSection(SolutionConfigurationPlatforms) = preSolution
		Debug|Any CPU = Debug|Any CPU
		Release|Any CPU = Release|Any CPU
	EndGlobalSection
	GlobalSection(ProjectConfigurationPlatforms) = postSolution
		{704BAB67-C513-4E8D-9E6A-C7DDA8B8242D}.Debug|Any CPU.ActiveCfg = Debug|Any CPU
		{704BAB67-C513-4E8D-9E6A-C7DDA8B8242D}.Debug|Any CPU.Build.0 = Debug|Any CPU
		{704BAB67-C513-4E8D-9E6A-C7DDA8B8242D}.Release|Any CPU.ActiveCfg = Release|Any CPU
		{704BAB67-C513-4E8D-9E6A-C7DDA8B8242D}.Release|Any CPU.Build.0 = Release|Any CPU
	EndGlobalSection
	GlobalSection(SolutionProperties) = preSolution
		HideSolutionNode = FALSE
	EndGlobalSection
	GlobalSection(ExtensibilityGlobals) = postSolution
		SolutionGuid = {259A0605-9958-4DD2-B378-D9A2F6B3D5E8}
	EndGlobalSection
EndGlobal
