
Microsoft Visual Studio Solution File, Format Version 12.00
# Visual Studio Version 17
VisualStudioVersion = 17.13.35919.96 d17.13
MinimumVisualStudioVersion = 10.0.40219.1
Project("{FAE04EC0-301F-11D3-BF4B-00C04F79EFBC}") = "Zitn_wlCGZQ_PluginDevWrite", "Zitn_wlCGZQ_PluginDevWrite\Zitn_wlCGZQ_PluginDevWrite.csproj", "{3563E6DA-49A2-4C72-893F-4BBE5915E22D}"
EndProject
Global
	GlobalSection(SolutionConfigurationPlatforms) = preSolution
		Debug|Any CPU = Debug|Any CPU
		Release|Any CPU = Release|Any CPU
	EndGlobalSection
	GlobalSection(ProjectConfigurationPlatforms) = postSolution
		{3563E6DA-49A2-4C72-893F-4BBE5915E22D}.Debug|Any CPU.ActiveCfg = Debug|Any CPU
		{3563E6DA-49A2-4C72-893F-4BBE5915E22D}.Debug|Any CPU.Build.0 = Debug|Any CPU
		{3563E6DA-49A2-4C72-893F-4BBE5915E22D}.Release|Any CPU.ActiveCfg = Release|Any CPU
		{3563E6DA-49A2-4C72-893F-4BBE5915E22D}.Release|Any CPU.Build.0 = Release|Any CPU
	EndGlobalSection
	GlobalSection(SolutionProperties) = preSolution
		HideSolutionNode = FALSE
	EndGlobalSection
	GlobalSection(ExtensibilityGlobals) = postSolution
		SolutionGuid = {9AE11A22-5C72-4FDE-BA19-662E6E993A84}
	EndGlobalSection
EndGlobal
