
Microsoft Visual Studio Solution File, Format Version 12.00
# Visual Studio Version 17
VisualStudioVersion = 17.13.35919.96 d17.13
MinimumVisualStudioVersion = 10.0.40219.1
Project("{FAE04EC0-301F-11D3-BF4B-00C04F79EFBC}") = "Zitn_Po_button_tobpmHT_pluginDev4", "Zitn_Po_button_tobpmHT_pluginDev4\Zitn_Po_button_tobpmHT_pluginDev4.csproj", "{417B93FC-F9F8-41BD-8116-92625CCAD0BC}"
EndProject
Global
	GlobalSection(SolutionConfigurationPlatforms) = preSolution
		Debug|Any CPU = Debug|Any CPU
		Release|Any CPU = Release|Any CPU
	EndGlobalSection
	GlobalSection(ProjectConfigurationPlatforms) = postSolution
		{417B93FC-F9F8-41BD-8116-92625CCAD0BC}.Debug|Any CPU.ActiveCfg = Debug|Any CPU
		{417B93FC-F9F8-41BD-8116-92625CCAD0BC}.Debug|Any CPU.Build.0 = Debug|Any CPU
		{417B93FC-F9F8-41BD-8116-92625CCAD0BC}.Release|Any CPU.ActiveCfg = Release|Any CPU
		{417B93FC-F9F8-41BD-8116-92625CCAD0BC}.Release|Any CPU.Build.0 = Release|Any CPU
	EndGlobalSection
	GlobalSection(SolutionProperties) = preSolution
		HideSolutionNode = FALSE
	EndGlobalSection
	GlobalSection(ExtensibilityGlobals) = postSolution
		SolutionGuid = {5217DB2F-4EC0-45AC-BEDB-BC20275AD039}
	EndGlobalSection
EndGlobal
