
Microsoft Visual Studio Solution File, Format Version 12.00
# Visual Studio Version 17
VisualStudioVersion = 17.13.35919.96 d17.13
MinimumVisualStudioVersion = 10.0.40219.1
Project("{FAE04EC0-301F-11D3-BF4B-00C04F79EFBC}") = "Zitn_wlCGZQ_PluginDev4", "Zitn_wlCGZQ_PluginDev4\Zitn_wlCGZQ_PluginDev4.csproj", "{8D5D7151-BCC8-426B-A351-DCC8FBD35D33}"
EndProject
Global
	GlobalSection(SolutionConfigurationPlatforms) = preSolution
		Debug|Any CPU = Debug|Any CPU
		Release|Any CPU = Release|Any CPU
	EndGlobalSection
	GlobalSection(ProjectConfigurationPlatforms) = postSolution
		{8D5D7151-BCC8-426B-A351-DCC8FBD35D33}.Debug|Any CPU.ActiveCfg = Debug|Any CPU
		{8D5D7151-BCC8-426B-A351-DCC8FBD35D33}.Debug|Any CPU.Build.0 = Debug|Any CPU
		{8D5D7151-BCC8-426B-A351-DCC8FBD35D33}.Release|Any CPU.ActiveCfg = Release|Any CPU
		{8D5D7151-BCC8-426B-A351-DCC8FBD35D33}.Release|Any CPU.Build.0 = Release|Any CPU
	EndGlobalSection
	GlobalSection(SolutionProperties) = preSolution
		HideSolutionNode = FALSE
	EndGlobalSection
	GlobalSection(ExtensibilityGlobals) = postSolution
		SolutionGuid = {519B593A-5688-4A93-8A68-6146A429E37E}
	EndGlobalSection
EndGlobal
