
Microsoft Visual Studio Solution File, Format Version 12.00
# Visual Studio Version 16
VisualStudioVersion = 16.0.36631.11
MinimumVisualStudioVersion = 10.0.40219.1
Project("{FAE04EC0-301F-11D3-BF4B-00C04F79EFBC}") = "Zitn_PUR_POORDER_ShowForm_Plugin", "Zitn_PUR_POORDER_ShowForm_Plugin\Zitn_PUR_POORDER_ShowForm_Plugin.csproj", "{17F288EF-D893-4DD7-8126-916E22016E55}"
EndProject
Global
	GlobalSection(SolutionConfigurationPlatforms) = preSolution
		Debug|Any CPU = Debug|Any CPU
		Release|Any CPU = Release|Any CPU
	EndGlobalSection
	GlobalSection(ProjectConfigurationPlatforms) = postSolution
		{17F288EF-D893-4DD7-8126-916E22016E55}.Debug|Any CPU.ActiveCfg = Debug|Any CPU
		{17F288EF-D893-4DD7-8126-916E22016E55}.Debug|Any CPU.Build.0 = Debug|Any CPU
		{17F288EF-D893-4DD7-8126-916E22016E55}.Release|Any CPU.ActiveCfg = Release|Any CPU
		{17F288EF-D893-4DD7-8126-916E22016E55}.Release|Any CPU.Build.0 = Release|Any CPU
	EndGlobalSection
	GlobalSection(SolutionProperties) = preSolution
		HideSolutionNode = FALSE
	EndGlobalSection
	GlobalSection(ExtensibilityGlobals) = postSolution
		SolutionGuid = {A6007E56-F914-479C-AC33-D138A4C69F79}
	EndGlobalSection
EndGlobal
