
Microsoft Visual Studio Solution File, Format Version 12.00
# Visual Studio Version 17
VisualStudioVersion = 17.13.35919.96 d17.13
MinimumVisualStudioVersion = 10.0.40219.1
Project("{FAE04EC0-301F-11D3-BF4B-00C04F79EFBC}") = "zitn_prd_instock_button_tobpm_pluginDev", "zitn_prd_instock_button_tobpm_pluginDev\zitn_prd_instock_button_tobpm_pluginDev.csproj", "{0A821FBC-DF25-4C72-B030-2860CA3840C7}"
EndProject
Global
	GlobalSection(SolutionConfigurationPlatforms) = preSolution
		Debug|Any CPU = Debug|Any CPU
		Release|Any CPU = Release|Any CPU
	EndGlobalSection
	GlobalSection(ProjectConfigurationPlatforms) = postSolution
		{0A821FBC-DF25-4C72-B030-2860CA3840C7}.Debug|Any CPU.ActiveCfg = Debug|Any CPU
		{0A821FBC-DF25-4C72-B030-2860CA3840C7}.Debug|Any CPU.Build.0 = Debug|Any CPU
		{0A821FBC-DF25-4C72-B030-2860CA3840C7}.Release|Any CPU.ActiveCfg = Release|Any CPU
		{0A821FBC-DF25-4C72-B030-2860CA3840C7}.Release|Any CPU.Build.0 = Release|Any CPU
	EndGlobalSection
	GlobalSection(SolutionProperties) = preSolution
		HideSolutionNode = FALSE
	EndGlobalSection
	GlobalSection(ExtensibilityGlobals) = postSolution
		SolutionGuid = {2E375D51-1B81-412C-8DA1-D7B6AA23F126}
	EndGlobalSection
EndGlobal
