
Microsoft Visual Studio Solution File, Format Version 12.00
# Visual Studio Version 17
VisualStudioVersion = 17.13.35919.96 d17.13
MinimumVisualStudioVersion = 10.0.40219.1
Project("{FAE04EC0-301F-11D3-BF4B-00C04F79EFBC}") = "Zitn_SLTZDautoGetFLot_Plugin", "Zitn_SLTZDautoGetFLot_Plugin\Zitn_SLTZDautoGetFLot_Plugin.csproj", "{29CDB0A9-EE1F-48BB-82A6-F6DE3A024E54}"
EndProject
Global
	GlobalSection(SolutionConfigurationPlatforms) = preSolution
		Debug|Any CPU = Debug|Any CPU
		Release|Any CPU = Release|Any CPU
	EndGlobalSection
	GlobalSection(ProjectConfigurationPlatforms) = postSolution
		{29CDB0A9-EE1F-48BB-82A6-F6DE3A024E54}.Debug|Any CPU.ActiveCfg = Debug|Any CPU
		{29CDB0A9-EE1F-48BB-82A6-F6DE3A024E54}.Debug|Any CPU.Build.0 = Debug|Any CPU
		{29CDB0A9-EE1F-48BB-82A6-F6DE3A024E54}.Release|Any CPU.ActiveCfg = Release|Any CPU
		{29CDB0A9-EE1F-48BB-82A6-F6DE3A024E54}.Release|Any CPU.Build.0 = Release|Any CPU
	EndGlobalSection
	GlobalSection(SolutionProperties) = preSolution
		HideSolutionNode = FALSE
	EndGlobalSection
	GlobalSection(ExtensibilityGlobals) = postSolution
		SolutionGuid = {4BACB233-D48E-4FCE-A3FF-5E3ACACC412F}
	EndGlobalSection
EndGlobal
