
Microsoft Visual Studio Solution File, Format Version 12.00
# Visual Studio Version 17
VisualStudioVersion = 17.13.35919.96 d17.13
MinimumVisualStudioVersion = 10.0.40219.1
Project("{FAE04EC0-301F-11D3-BF4B-00C04F79EFBC}") = "Zitn_Pur_List_Exe_PluginNewDev1", "Zitn_Pur_List_Exe_PluginNewDev1\Zitn_Pur_List_Exe_PluginNewDev1.csproj", "{F91368DA-E41B-4BB2-91D1-BDE70C1605A9}"
EndProject
Global
	GlobalSection(SolutionConfigurationPlatforms) = preSolution
		Debug|Any CPU = Debug|Any CPU
		Release|Any CPU = Release|Any CPU
	EndGlobalSection
	GlobalSection(ProjectConfigurationPlatforms) = postSolution
		{F91368DA-E41B-4BB2-91D1-BDE70C1605A9}.Debug|Any CPU.ActiveCfg = Debug|Any CPU
		{F91368DA-E41B-4BB2-91D1-BDE70C1605A9}.Debug|Any CPU.Build.0 = Debug|Any CPU
		{F91368DA-E41B-4BB2-91D1-BDE70C1605A9}.Release|Any CPU.ActiveCfg = Release|Any CPU
		{F91368DA-E41B-4BB2-91D1-BDE70C1605A9}.Release|Any CPU.Build.0 = Release|Any CPU
	EndGlobalSection
	GlobalSection(SolutionProperties) = preSolution
		HideSolutionNode = FALSE
	EndGlobalSection
	GlobalSection(ExtensibilityGlobals) = postSolution
		SolutionGuid = {3354EBE2-8591-4766-BC81-04F88D1F2FF0}
	EndGlobalSection
EndGlobal
