
Microsoft Visual Studio Solution File, Format Version 12.00
# Visual Studio Version 17
VisualStudioVersion = 17.13.35919.96 d17.13
MinimumVisualStudioVersion = 10.0.40219.1
Project("{FAE04EC0-301F-11D3-BF4B-00C04F79EFBC}") = "Zitn_MoAutoFeelMtrl_AccordingToPPBOM_Plugin", "Zitn_MoAutoFeelMtrl_AccordingToPPBOM_Plugin\Zitn_MoAutoFeelMtrl_AccordingToPPBOM_Plugin.csproj", "{1E778189-1213-4423-B120-B12F77CDF057}"
EndProject
Global
	GlobalSection(SolutionConfigurationPlatforms) = preSolution
		Debug|Any CPU = Debug|Any CPU
		Release|Any CPU = Release|Any CPU
	EndGlobalSection
	GlobalSection(ProjectConfigurationPlatforms) = postSolution
		{1E778189-1213-4423-B120-B12F77CDF057}.Debug|Any CPU.ActiveCfg = Debug|Any CPU
		{1E778189-1213-4423-B120-B12F77CDF057}.Debug|Any CPU.Build.0 = Debug|Any CPU
		{1E778189-1213-4423-B120-B12F77CDF057}.Release|Any CPU.ActiveCfg = Release|Any CPU
		{1E778189-1213-4423-B120-B12F77CDF057}.Release|Any CPU.Build.0 = Release|Any CPU
	EndGlobalSection
	GlobalSection(SolutionProperties) = preSolution
		HideSolutionNode = FALSE
	EndGlobalSection
	GlobalSection(ExtensibilityGlobals) = postSolution
		SolutionGuid = {F0F56B3B-9637-4114-9158-7FA2C64824B9}
	EndGlobalSection
EndGlobal
